
Microsoft Visual Studio Solution File, Format Version 12.00
# Visual Studio Version 16
VisualStudioVersion = 16.0.30523.141
MinimumVisualStudioVersion = 10.0.40219.1
Project("{FAE04EC0-301F-11D3-BF4B-00C04F79EFBC}") = "Manifest.Android", "Manifest\Manifest.Android\Manifest.Android.csproj", "{AA89CD76-6501-4D98-BA2B-BB7099EAB4C3}"
EndProject
Project("{FAE04EC0-301F-11D3-BF4B-00C04F79EFBC}") = "Manifest.iOS", "Manifest\Manifest.iOS\Manifest.iOS.csproj", "{0D79B943-BB45-4672-A0E4-22C4A96CB3FB}"
EndProject
Project("{9A19103F-16F7-4668-BE54-9A1E7A4F7556}") = "Manifest", "Manifest\Manifest\Manifest.csproj", "{C00B3915-682A-409F-92A2-B1F930CAC658}"
EndProject
Project("{FAE04EC0-301F-11D3-BF4B-00C04F79EFBC}") = "ManifestTest", "ManifestTest\ManifestTest.csproj", "{372F81C4-1584-4055-8C82-3D6E5B948BDB}"
EndProject
Project("{2150E333-8FDC-42A3-9474-1A3956D46DE8}") = "Solution Items", "Solution Items", "{437B319E-C5B2-4404-958E-37C0BA44FDFD}"
	ProjectSection(SolutionItems) = preProject
		.editorconfig = .editorconfig
	EndProjectSection
EndProject
Project("{FAE04EC0-301F-11D3-BF4B-00C04F79EFBC}") = "NotificationDispatcher", "Manifest\NotificationDispatcher\NotificationDispatcher.csproj", "{DE2727CC-3B00-4FE4-AB9B-B31A1ECCC5EB}"
EndProject
Global
	GlobalSection(SolutionConfigurationPlatforms) = preSolution
		Debug|Any CPU = Debug|Any CPU
		Debug|iPhone = Debug|iPhone
		Debug|iPhoneSimulator = Debug|iPhoneSimulator
		Release|Any CPU = Release|Any CPU
		Release|iPhone = Release|iPhone
		Release|iPhoneSimulator = Release|iPhoneSimulator
	EndGlobalSection
	GlobalSection(ProjectConfigurationPlatforms) = postSolution
		{AA89CD76-6501-4D98-BA2B-BB7099EAB4C3}.Debug|Any CPU.ActiveCfg = Debug|Any CPU
		{AA89CD76-6501-4D98-BA2B-BB7099EAB4C3}.Debug|Any CPU.Build.0 = Debug|Any CPU
		{AA89CD76-6501-4D98-BA2B-BB7099EAB4C3}.Debug|Any CPU.Deploy.0 = Debug|Any CPU
		{AA89CD76-6501-4D98-BA2B-BB7099EAB4C3}.Debug|iPhone.ActiveCfg = Debug|Any CPU
		{AA89CD76-6501-4D98-BA2B-BB7099EAB4C3}.Debug|iPhone.Build.0 = Debug|Any CPU
		{AA89CD76-6501-4D98-BA2B-BB7099EAB4C3}.Debug|iPhone.Deploy.0 = Debug|Any CPU
		{AA89CD76-6501-4D98-BA2B-BB7099EAB4C3}.Debug|iPhoneSimulator.ActiveCfg = Debug|Any CPU
		{AA89CD76-6501-4D98-BA2B-BB7099EAB4C3}.Debug|iPhoneSimulator.Build.0 = Debug|Any CPU
		{AA89CD76-6501-4D98-BA2B-BB7099EAB4C3}.Debug|iPhoneSimulator.Deploy.0 = Debug|Any CPU
		{AA89CD76-6501-4D98-BA2B-BB7099EAB4C3}.Release|Any CPU.ActiveCfg = Release|Any CPU
		{AA89CD76-6501-4D98-BA2B-BB7099EAB4C3}.Release|Any CPU.Build.0 = Release|Any CPU
		{AA89CD76-6501-4D98-BA2B-BB7099EAB4C3}.Release|Any CPU.Deploy.0 = Release|Any CPU
		{AA89CD76-6501-4D98-BA2B-BB7099EAB4C3}.Release|iPhone.ActiveCfg = Release|Any CPU
		{AA89CD76-6501-4D98-BA2B-BB7099EAB4C3}.Release|iPhone.Build.0 = Release|Any CPU
		{AA89CD76-6501-4D98-BA2B-BB7099EAB4C3}.Release|iPhone.Deploy.0 = Release|Any CPU
		{AA89CD76-6501-4D98-BA2B-BB7099EAB4C3}.Release|iPhoneSimulator.ActiveCfg = Release|Any CPU
		{AA89CD76-6501-4D98-BA2B-BB7099EAB4C3}.Release|iPhoneSimulator.Build.0 = Release|Any CPU
		{AA89CD76-6501-4D98-BA2B-BB7099EAB4C3}.Release|iPhoneSimulator.Deploy.0 = Release|Any CPU
		{0D79B943-BB45-4672-A0E4-22C4A96CB3FB}.Debug|Any CPU.ActiveCfg = Debug|iPhone
		{0D79B943-BB45-4672-A0E4-22C4A96CB3FB}.Debug|Any CPU.Build.0 = Debug|iPhone
		{0D79B943-BB45-4672-A0E4-22C4A96CB3FB}.Debug|Any CPU.Deploy.0 = Debug|iPhone
		{0D79B943-BB45-4672-A0E4-22C4A96CB3FB}.Debug|iPhone.ActiveCfg = Debug|iPhone
		{0D79B943-BB45-4672-A0E4-22C4A96CB3FB}.Debug|iPhone.Build.0 = Debug|iPhone
		{0D79B943-BB45-4672-A0E4-22C4A96CB3FB}.Debug|iPhone.Deploy.0 = Debug|iPhone
		{0D79B943-BB45-4672-A0E4-22C4A96CB3FB}.Debug|iPhoneSimulator.ActiveCfg = Debug|iPhoneSimulator
		{0D79B943-BB45-4672-A0E4-22C4A96CB3FB}.Debug|iPhoneSimulator.Build.0 = Debug|iPhoneSimulator
		{0D79B943-BB45-4672-A0E4-22C4A96CB3FB}.Debug|iPhoneSimulator.Deploy.0 = Debug|iPhoneSimulator
		{0D79B943-BB45-4672-A0E4-22C4A96CB3FB}.Release|Any CPU.ActiveCfg = Release|iPhoneSimulator
		{0D79B943-BB45-4672-A0E4-22C4A96CB3FB}.Release|Any CPU.Build.0 = Release|iPhoneSimulator
		{0D79B943-BB45-4672-A0E4-22C4A96CB3FB}.Release|Any CPU.Deploy.0 = Release|iPhoneSimulator
		{0D79B943-BB45-4672-A0E4-22C4A96CB3FB}.Release|iPhone.ActiveCfg = Release|iPhone
		{0D79B943-BB45-4672-A0E4-22C4A96CB3FB}.Release|iPhone.Build.0 = Release|iPhone
		{0D79B943-BB45-4672-A0E4-22C4A96CB3FB}.Release|iPhone.Deploy.0 = Release|iPhone
		{0D79B943-BB45-4672-A0E4-22C4A96CB3FB}.Release|iPhoneSimulator.ActiveCfg = Release|iPhoneSimulator
		{0D79B943-BB45-4672-A0E4-22C4A96CB3FB}.Release|iPhoneSimulator.Build.0 = Release|iPhoneSimulator
		{0D79B943-BB45-4672-A0E4-22C4A96CB3FB}.Release|iPhoneSimulator.Deploy.0 = Release|iPhoneSimulator
		{C00B3915-682A-409F-92A2-B1F930CAC658}.Debug|Any CPU.ActiveCfg = Debug|Any CPU
		{C00B3915-682A-409F-92A2-B1F930CAC658}.Debug|Any CPU.Build.0 = Debug|Any CPU
		{C00B3915-682A-409F-92A2-B1F930CAC658}.Debug|Any CPU.Deploy.0 = Debug|Any CPU
		{C00B3915-682A-409F-92A2-B1F930CAC658}.Debug|iPhone.ActiveCfg = Debug|Any CPU
		{C00B3915-682A-409F-92A2-B1F930CAC658}.Debug|iPhone.Build.0 = Debug|Any CPU
		{C00B3915-682A-409F-92A2-B1F930CAC658}.Debug|iPhone.Deploy.0 = Debug|Any CPU
		{C00B3915-682A-409F-92A2-B1F930CAC658}.Debug|iPhoneSimulator.ActiveCfg = Debug|Any CPU
		{C00B3915-682A-409F-92A2-B1F930CAC658}.Debug|iPhoneSimulator.Build.0 = Debug|Any CPU
		{C00B3915-682A-409F-92A2-B1F930CAC658}.Debug|iPhoneSimulator.Deploy.0 = Debug|Any CPU
		{C00B3915-682A-409F-92A2-B1F930CAC658}.Release|Any CPU.ActiveCfg = Release|Any CPU
		{C00B3915-682A-409F-92A2-B1F930CAC658}.Release|Any CPU.Build.0 = Release|Any CPU
		{C00B3915-682A-409F-92A2-B1F930CAC658}.Release|Any CPU.Deploy.0 = Release|Any CPU
		{C00B3915-682A-409F-92A2-B1F930CAC658}.Release|iPhone.ActiveCfg = Release|Any CPU
		{C00B3915-682A-409F-92A2-B1F930CAC658}.Release|iPhone.Build.0 = Release|Any CPU
		{C00B3915-682A-409F-92A2-B1F930CAC658}.Release|iPhone.Deploy.0 = Release|Any CPU
		{C00B3915-682A-409F-92A2-B1F930CAC658}.Release|iPhoneSimulator.ActiveCfg = Release|Any CPU
		{C00B3915-682A-409F-92A2-B1F930CAC658}.Release|iPhoneSimulator.Build.0 = Release|Any CPU
		{C00B3915-682A-409F-92A2-B1F930CAC658}.Release|iPhoneSimulator.Deploy.0 = Release|Any CPU
		{372F81C4-1584-4055-8C82-3D6E5B948BDB}.Debug|Any CPU.ActiveCfg = Debug|Any CPU
		{372F81C4-1584-4055-8C82-3D6E5B948BDB}.Debug|Any CPU.Build.0 = Debug|Any CPU
		{372F81C4-1584-4055-8C82-3D6E5B948BDB}.Debug|iPhone.ActiveCfg = Debug|Any CPU
		{372F81C4-1584-4055-8C82-3D6E5B948BDB}.Debug|iPhone.Build.0 = Debug|Any CPU
		{372F81C4-1584-4055-8C82-3D6E5B948BDB}.Debug|iPhoneSimulator.ActiveCfg = Debug|Any CPU
		{372F81C4-1584-4055-8C82-3D6E5B948BDB}.Debug|iPhoneSimulator.Build.0 = Debug|Any CPU
		{372F81C4-1584-4055-8C82-3D6E5B948BDB}.Release|Any CPU.ActiveCfg = Release|Any CPU
		{372F81C4-1584-4055-8C82-3D6E5B948BDB}.Release|Any CPU.Build.0 = Release|Any CPU
		{372F81C4-1584-4055-8C82-3D6E5B948BDB}.Release|iPhone.ActiveCfg = Release|Any CPU
		{372F81C4-1584-4055-8C82-3D6E5B948BDB}.Release|iPhone.Build.0 = Release|Any CPU
		{372F81C4-1584-4055-8C82-3D6E5B948BDB}.Release|iPhoneSimulator.ActiveCfg = Release|Any CPU
		{372F81C4-1584-4055-8C82-3D6E5B948BDB}.Release|iPhoneSimulator.Build.0 = Release|Any CPU
		{DE2727CC-3B00-4FE4-AB9B-B31A1ECCC5EB}.Debug|Any CPU.ActiveCfg = Debug|Any CPU
		{DE2727CC-3B00-4FE4-AB9B-B31A1ECCC5EB}.Debug|Any CPU.Build.0 = Debug|Any CPU
		{DE2727CC-3B00-4FE4-AB9B-B31A1ECCC5EB}.Debug|iPhone.ActiveCfg = Debug|Any CPU
		{DE2727CC-3B00-4FE4-AB9B-B31A1ECCC5EB}.Debug|iPhone.Build.0 = Debug|Any CPU
		{DE2727CC-3B00-4FE4-AB9B-B31A1ECCC5EB}.Debug|iPhoneSimulator.ActiveCfg = Debug|Any CPU
		{DE2727CC-3B00-4FE4-AB9B-B31A1ECCC5EB}.Debug|iPhoneSimulator.Build.0 = Debug|Any CPU
		{DE2727CC-3B00-4FE4-AB9B-B31A1ECCC5EB}.Release|Any CPU.ActiveCfg = Release|Any CPU
		{DE2727CC-3B00-4FE4-AB9B-B31A1ECCC5EB}.Release|Any CPU.Build.0 = Release|Any CPU
		{DE2727CC-3B00-4FE4-AB9B-B31A1ECCC5EB}.Release|iPhone.ActiveCfg = Release|Any CPU
		{DE2727CC-3B00-4FE4-AB9B-B31A1ECCC5EB}.Release|iPhone.Build.0 = Release|Any CPU
		{DE2727CC-3B00-4FE4-AB9B-B31A1ECCC5EB}.Release|iPhoneSimulator.ActiveCfg = Release|Any CPU
		{DE2727CC-3B00-4FE4-AB9B-B31A1ECCC5EB}.Release|iPhoneSimulator.Build.0 = Release|Any CPU
	EndGlobalSection
	GlobalSection(SolutionProperties) = preSolution
		HideSolutionNode = FALSE
	EndGlobalSection
	GlobalSection(ExtensibilityGlobals) = postSolution
		SolutionGuid = {C5F3D927-DB20-49F8-95BD-8D83965F891D}
	EndGlobalSection
EndGlobal
