
Microsoft Visual Studio Solution File, Format Version 12.00
# Visual Studio Version 16
VisualStudioVersion = 16.0.808.4
MinimumVisualStudioVersion = 10.0.40219.1
Project("{FAE04EC0-301F-11D3-BF4B-00C04F79EFBC}") = "Manifest", "Manifest.csproj", "{FEC4A958-59C2-4E39-B5F1-3E8340A7D2DF}"
EndProject
Global
	GlobalSection(SolutionConfigurationPlatforms) = preSolution
		Debug|Any CPU = Debug|Any CPU
		Release|Any CPU = Release|Any CPU
	EndGlobalSection
	GlobalSection(ProjectConfigurationPlatforms) = postSolution
		{FEC4A958-59C2-4E39-B5F1-3E8340A7D2DF}.Debug|Any CPU.ActiveCfg = Debug|Any CPU
		{FEC4A958-59C2-4E39-B5F1-3E8340A7D2DF}.Debug|Any CPU.Build.0 = Debug|Any CPU
		{FEC4A958-59C2-4E39-B5F1-3E8340A7D2DF}.Release|Any CPU.ActiveCfg = Release|Any CPU
		{FEC4A958-59C2-4E39-B5F1-3E8340A7D2DF}.Release|Any CPU.Build.0 = Release|Any CPU
	EndGlobalSection
	GlobalSection(SolutionProperties) = preSolution
		HideSolutionNode = FALSE
	EndGlobalSection
	GlobalSection(ExtensibilityGlobals) = postSolution
		SolutionGuid = {5FE67349-DB90-4B8E-8DF4-A8DA012AB1B6}
	EndGlobalSection
EndGlobal
